
Microsoft Visual Studio Solution File, Format Version 12.00
# Visual Studio Version 17
VisualStudioVersion = 17.2.32519.379
MinimumVisualStudioVersion = 10.0.40219.1
Project("{FAE04EC0-301F-11D3-BF4B-00C04F79EFBC}") = "ZbiorFigurMyAttempt", "ZbiorFigurMyAttempt\ZbiorFigurMyAttempt.csproj", "{FD441170-8AD7-4049-8759-8386957C1300}"
EndProject
Global
	GlobalSection(SolutionConfigurationPlatforms) = preSolution
		Debug|Any CPU = Debug|Any CPU
		Release|Any CPU = Release|Any CPU
	EndGlobalSection
	GlobalSection(ProjectConfigurationPlatforms) = postSolution
		{FD441170-8AD7-4049-8759-8386957C1300}.Debug|Any CPU.ActiveCfg = Debug|Any CPU
		{FD441170-8AD7-4049-8759-8386957C1300}.Debug|Any CPU.Build.0 = Debug|Any CPU
		{FD441170-8AD7-4049-8759-8386957C1300}.Release|Any CPU.ActiveCfg = Release|Any CPU
		{FD441170-8AD7-4049-8759-8386957C1300}.Release|Any CPU.Build.0 = Release|Any CPU
	EndGlobalSection
	GlobalSection(SolutionProperties) = preSolution
		HideSolutionNode = FALSE
	EndGlobalSection
	GlobalSection(ExtensibilityGlobals) = postSolution
		SolutionGuid = {DCDA6013-55A9-4A17-ACF4-08A5EE1F0327}
	EndGlobalSection
EndGlobal
